{
  "name": "quickbite",
  "lockfileVersion": 3,
  "requires": true,
  "packages": {
    "": {
      "dependencies": {
        "pnpm": "^10.17.0"
      }
    },
    "node_modules/pnpm": {
      "version": "10.17.0",
      "resolved": "https://registry.npmjs.org/pnpm/-/pnpm-10.17.0.tgz",
      "integrity": "sha512-/Oij3Smk7S7FZvtT77sE2MRKDwW8bySnMEaRD7nDznr6NaCYBQBmj6NXM0W9ZEZE+pgzj6FoI1yA9KoXqhf77w==",
      "license": "MIT",
      "bin": {
        "pnpm": "bin/pnpm.cjs",
        "pnpx": "bin/pnpx.cjs"
      },
      "engines": {
        "node": ">=18.12"
      },
      "funding": {
        "url": "https://opencollective.com/pnpm"
      }
    }
  }
}
